<?xml version="1.0" encoding="utf-8"?>
<Project ToolsVersion="4.0" xmlns="http://schemas.microsoft.com/developer/msbuild/2003">
  <ItemGroup>
    <Filter Include="Source Files">
      <UniqueIdentifier>{4FC737F1-C7A5-4376-A066-2A32D752A2FF}</UniqueIdentifier>
      <Extensions>cpp;c;cc;cxx;c++;cppm;ixx;def;odl;idl;hpj;bat;asm;asmx</Extensions>
    </Filter>
    <Filter Include="Header Files">
      <UniqueIdentifier>{93995380-89BD-4b04-88EB-625FBE52EBFB}</UniqueIdentifier>
      <Extensions>h;hh;hpp;hxx;h++;hm;inl;inc;ipp;xsd</Extensions>
    </Filter>
    <Filter Include="Resource Files">
      <UniqueIdentifier>{67DA6AB6-F800-4c08-8B7A-83BB121AAD01}</UniqueIdentifier>
      <Extensions>rc;ico;cur;bmp;dlg;rc2;rct;bin;rgs;gif;jpg;jpeg;jpe;resx;tiff;tif;png;wav;mfcribbon-ms</Extensions>
    </Filter>
    <Filter Include="Source Files\Classes">
      <UniqueIdentifier>{f6317c7c-e1f9-485a-a5ec-21a61ffae14c}</UniqueIdentifier>
    </Filter>
    <Filter Include="Header Files\Classes">
      <UniqueIdentifier>{52a8e8fc-1771-46c3-8848-bdb153017528}</UniqueIdentifier>
    </Filter>
    <Filter Include="Header Files\Classes\Scene Management">
      <UniqueIdentifier>{26532ed1-3c28-46fe-8e92-5e285501bf09}</UniqueIdentifier>
    </Filter>
  </ItemGroup>
  <ItemGroup>
    <ClCompile Include="main.cpp">
      <Filter>Source Files</Filter>
    </ClCompile>
    <ClCompile Include="D3D11Helper.cpp">
      <Filter>Source Files</Filter>
    </ClCompile>
    <ClCompile Include="WindowHelper.cpp">
      <Filter>Source Files</Filter>
    </ClCompile>
    <ClCompile Include="PipelineHelper.cpp">
      <Filter>Source Files</Filter>
    </ClCompile>
    <ClCompile Include="ObjectHelper.cpp">
      <Filter>Source Files</Filter>
    </ClCompile>
    <ClCompile Include="CubicEnvironmentMapping.cpp">
      <Filter>Source Files</Filter>
    </ClCompile>
    <ClCompile Include="CameraD3D11.cpp">
      <Filter>Source Files\Classes</Filter>
    </ClCompile>
  </ItemGroup>
  <ItemGroup>
    <FxCompile Include="VertexShader.hlsl">
      <Filter>Resource Files</Filter>
    </FxCompile>
    <FxCompile Include="PixelShader.hlsl">
      <Filter>Resource Files</Filter>
    </FxCompile>
  </ItemGroup>
  <ItemGroup>
    <ClInclude Include="D3D11Helper.h">
      <Filter>Header Files</Filter>
    </ClInclude>
    <ClInclude Include="WindowHelper.h">
      <Filter>Header Files</Filter>
    </ClInclude>
    <ClInclude Include="PipelineHelper.h">
      <Filter>Header Files</Filter>
    </ClInclude>
    <ClInclude Include="ObjectHelper.h">
      <Filter>Header Files</Filter>
    </ClInclude>
    <ClInclude Include="stb_image.h">
      <Filter>Header Files</Filter>
    </ClInclude>
    <ClInclude Include="SceneObject.h">
      <Filter>Header Files\Classes\Scene Management</Filter>
    </ClInclude>
    <ClInclude Include="Scene.h">
      <Filter>Header Files\Classes\Scene Management</Filter>
    </ClInclude>
    <ClInclude Include="CubicEnvironmentMapping.h">
      <Filter>Header Files</Filter>
    </ClInclude>
    <ClInclude Include="ConstantBufferD3D11.h">
      <Filter>Header Files\Classes</Filter>
    </ClInclude>
    <ClInclude Include="CameraD3D11.h">
      <Filter>Header Files\Classes</Filter>
    </ClInclude>
  </ItemGroup>
</Project>